// !$*UTF8*$!
{
	archiveVersion = 1;
	classes = {
	};
	objectVersion = 46;
	objects = {

/* Begin PBXBuildFile section */
		5F13A8A01C835674004B4B23 /* AppDelegate.swift in Sources */ = {isa = PBXBuildFile; fileRef = 5F13A89F1C835674004B4B23 /* AppDelegate.swift */; };
		5F13A8A21C835674004B4B23 /* ViewController.swift in Sources */ = {isa = PBXBuildFile; fileRef = 5F13A8A11C835674004B4B23 /* ViewController.swift */; };
		5F13A8A51C835674004B4B23 /* Main.storyboard in Resources */ = {isa = PBXBuildFile; fileRef = 5F13A8A31C835674004B4B23 /* Main.storyboard */; };
		5F13A8A71C835674004B4B23 /* Assets.xcassets in Resources */ = {isa = PBXBuildFile; fileRef = 5F13A8A61C835674004B4B23 /* Assets.xcassets */; };
		5F13A8AA1C835674004B4B23 /* LaunchScreen.storyboard in Resources */ = {isa = PBXBuildFile; fileRef = 5F13A8A81C835674004B4B23 /* LaunchScreen.storyboard */; };
		5F13A8B51C835674004B4B23 /* ______Tests.swift in Sources */ = {isa = PBXBuildFile; fileRef = 5F13A8B41C835674004B4B23 /* ______Tests.swift */; };
		5F13A8C01C835674004B4B23 /* ______UITests.swift in Sources */ = {isa = PBXBuildFile; fileRef = 5F13A8BF1C835674004B4B23 /* ______UITests.swift */; };
/* End PBXBuildFile section */

/* Begin PBXContainerItemProxy section */
		5F13A8B11C835674004B4B23 /* PBXContainerItemProxy */ = {
			isa = PBXContainerItemProxy;
			containerPortal = 5F13A8941C835674004B4B23 /* Project object */;
			proxyType = 1;
			remoteGlobalIDString = 5F13A89B1C835674004B4B23;
			remoteInfo = "泽乾新浪微博";
		};
		5F13A8BC1C835674004B4B23 /* PBXContainerItemProxy */ = {
			isa = PBXContainerItemProxy;
			containerPortal = 5F13A8941C835674004B4B23 /* Project object */;
			proxyType = 1;
			remoteGlobalIDString = 5F13A89B1C835674004B4B23;
			remoteInfo = "泽乾新浪微博";
		};
/* End PBXContainerItemProxy section */

/* Begin PBXFileReference section */
		5F13A89C1C835674004B4B23 /* 泽乾新浪微博.app */ = {isa = PBXFileReference; explicitFileType = wrapper.application; includeInIndex = 0; path = "泽乾新浪微博.app"; sourceTree = BUILT_PRODUCTS_DIR; };
		5F13A89F1C835674004B4B23 /* AppDelegate.swift */ = {isa = PBXFileReference; lastKnownFileType = sourcecode.swift; path = AppDelegate.swift; sourceTree = "<group>"; };
		5F13A8A61C835674004B4B23 /* Assets.xcassets */ = {isa = PBXFileReference; lastKnownFileType = folder.assetcatalog; path = Assets.xcassets; sourceTree = "<group>"; };
		5F13A8AB1C835674004B4B23 /* Info.plist */ = {isa = PBXFileReference; lastKnownFileType = text.plist.xml; path = Info.plist; sourceTree = "<group>"; };
		5F13A8B01C835674004B4B23 /* 泽乾新浪微博Tests.xctest */ = {isa = PBXFileReference; explicitFileType = wrapper.cfbundle; includeInIndex = 0; path = "泽乾新浪微博Tests.xctest"; sourceTree = BUILT_PRODUCTS_DIR; };
		5F13A8B41C835674004B4B23 /* ______Tests.swift */ = {isa = PBXFileReference; lastKnownFileType = sourcecode.swift; path = "______Tests.swift"; sourceTree = "<group>"; };
		5F13A8B61C835674004B4B23 /* Info.plist */ = {isa = PBXFileReference; lastKnownFileType = text.plist.xml; path = Info.plist; sourceTree = "<group>"; };
		5F13A8BB1C835674004B4B23 /* 泽乾新浪微博UITests.xctest */ = {isa = PBXFileReference; explicitFileType = wrapper.cfbundle; includeInIndex = 0; path = "泽乾新浪微博UITests.xctest"; sourceTree = BUILT_PRODUCTS_DIR; };
		5F13A8BF1C835674004B4B23 /* ______UITests.swift */ = {isa = PBXFileReference; lastKnownFileType = sourcecode.swift; path = "______UITests.swift"; sourceTree = "<group>"; };
		5F13A8C11C835674004B4B23 /* Info.plist */ = {isa = PBXFileReference; lastKnownFileType = text.plist.xml; path = Info.plist; sourceTree = "<group>"; };
/* End PBXFileReference section */

/* Begin PBXFrameworksBuildPhase section */
		5F13A8991C835674004B4B23 /* Frameworks */ = {
			isa = PBXFrameworksBuildPhase;
			buildActionMask = 2147483647;
			files = (
			);
			runOnlyForDeploymentPostprocessing = 0;
		};
		5F13A8AD1C835674004B4B23 /* Frameworks */ = {
			isa = PBXFrameworksBuildPhase;
			buildActionMask = 2147483647;
			files = (
			);
			runOnlyForDeploymentPostprocessing = 0;
		};
		5F13A8B81C835674004B4B23 /* Frameworks */ = {
			isa = PBXFrameworksBuildPhase;
			buildActionMask = 2147483647;
			files = (
			);
			runOnlyForDeploymentPostprocessing = 0;
		};
/* End PBXFrameworksBuildPhase section */

/* Begin PBXGroup section */
		5F13A8931C835674004B4B23 = {
			isa = PBXGroup;
			children = (
				5F13A89E1C835674004B4B23 /* 泽乾新浪微博 */,
				5F13A8B31C835674004B4B23 /* 泽乾新浪微博Tests */,
				5F13A8BE1C835674004B4B23 /* 泽乾新浪微博UITests */,
				5F13A89D1C835674004B4B23 /* Products */,
			);
			sourceTree = "<group>";
		};
		5F13A89D1C835674004B4B23 /* Products */ = {
			isa = PBXGroup;
			children = (
				5F13A89C1C835674004B4B23 /* 泽乾新浪微博.app */,
				5F13A8B01C835674004B4B23 /* 泽乾新浪微博Tests.xctest */,
				5F13A8BB1C835674004B4B23 /* 泽乾新浪微博UITests.xctest */,
			);
			name = Products;
			sourceTree = "<group>";
		};
		5F13A89E1C835674004B4B23 /* 泽乾新浪微博 */ = {
			isa = PBXGroup;
			children = (
				5F13A89F1C835674004B4B23 /* AppDelegate.swift */,
				5F13A8A61C835674004B4B23 /* Assets.xcassets */,
				5F13A8AB1C835674004B4B23 /* Info.plist */,
			);
			path = "泽乾新浪微博";
			sourceTree = "<group>";
		};
		5F13A8B31C835674004B4B23 /* 泽乾新浪微博Tests */ = {
			isa = PBXGroup;
			children = (
				5F13A8B41C835674004B4B23 /* ______Tests.swift */,
				5F13A8B61C835674004B4B23 /* Info.plist */,
			);
			path = "泽乾新浪微博Tests";
			sourceTree = "<group>";
		};
		5F13A8BE1C835674004B4B23 /* 泽乾新浪微博UITests */ = {
			isa = PBXGroup;
			children = (
				5F13A8BF1C835674004B4B23 /* ______UITests.swift */,
				5F13A8C11C835674004B4B23 /* Info.plist */,
			);
			path = "泽乾新浪微博UITests";
			sourceTree = "<group>";
		};
/* End PBXGroup section */

/* Begin PBXNativeTarget section */
		5F13A89B1C835674004B4B23 /* 泽乾新浪微博 */ = {
			isa = PBXNativeTarget;
			buildConfigurationList = 5F13A8C41C835674004B4B23 /* Build configuration list for PBXNativeTarget "泽乾新浪微博" */;
			buildPhases = (
				5F13A8981C835674004B4B23 /* Sources */,
				5F13A8991C835674004B4B23 /* Frameworks */,
				5F13A89A1C835674004B4B23 /* Resources */,
			);
			buildRules = (
			);
			dependencies = (
			);
			name = "泽乾新浪微博";
			productName = "泽乾新浪微博";
			productReference = 5F13A89C1C835674004B4B23 /* 泽乾新浪微博.app */;
			productType = "com.apple.product-type.application";
		};
		5F13A8AF1C835674004B4B23 /* 泽乾新浪微博Tests */ = {
			isa = PBXNativeTarget;
			buildConfigurationList = 5F13A8C71C835674004B4B23 /* Build configuration list for PBXNativeTarget "泽乾新浪微博Tests" */;
			buildPhases = (
				5F13A8AC1C835674004B4B23 /* Sources */,
				5F13A8AD1C835674004B4B23 /* Frameworks */,
				5F13A8AE1C835674004B4B23 /* Resources */,
			);
			buildRules = (
			);
			dependencies = (
				5F13A8B21C835674004B4B23 /* PBXTargetDependency */,
			);
			name = "泽乾新浪微博Tests";
			productName = "泽乾新浪微博Tests";
			productReference = 5F13A8B01C835674004B4B23 /* 泽乾新浪微博Tests.xctest */;
			productType = "com.apple.product-type.bundle.unit-test";
		};
		5F13A8BA1C835674004B4B23 /* 泽乾新浪微博UITests */ = {
			isa = PBXNativeTarget;
			buildConfigurationList = 5F13A8CA1C835674004B4B23 /* Build configuration list for PBXNativeTarget "泽乾新浪微博UITests" */;
			buildPhases = (
				5F13A8B71C835674004B4B23 /* Sources */,
				5F13A8B81C835674004B4B23 /* Frameworks */,
				5F13A8B91C835674004B4B23 /* Resources */,
			);
			buildRules = (
			);
			dependencies = (
				5F13A8BD1C835674004B4B23 /* PBXTargetDependency */,
			);
			name = "泽乾新浪微博UITests";
			productName = "泽乾新浪微博UITests";
			productReference = 5F13A8BB1C835674004B4B23 /* 泽乾新浪微博UITests.xctest */;
			productType = "com.apple.product-type.bundle.ui-testing";
		};
/* End PBXNativeTarget section */

/* Begin PBXProject section */
		5F13A8941C835674004B4B23 /* Project object */ = {
			isa = PBXProject;
			attributes = {
				LastSwiftUpdateCheck = 0720;
				LastUpgradeCheck = 0720;
				ORGANIZATIONNAME = guozeqian;
				TargetAttributes = {
					5F13A89B1C835674004B4B23 = {
						CreatedOnToolsVersion = 7.2.1;
						DevelopmentTeam = TT97CQ965H;
					};
					5F13A8AF1C835674004B4B23 = {
						CreatedOnToolsVersion = 7.2.1;
						DevelopmentTeam = TT97CQ965H;
						TestTargetID = 5F13A89B1C835674004B4B23;
					};
					5F13A8BA1C835674004B4B23 = {
						CreatedOnToolsVersion = 7.2.1;
						DevelopmentTeam = TT97CQ965H;
						TestTargetID = 5F13A89B1C835674004B4B23;
					};
				};
			};
			buildConfigurationList = 5F13A8971C835674004B4B23 /* Build configuration list for PBXProject "泽乾新浪微博" */;
			compatibilityVersion = "Xcode 3.2";
			developmentRegion = English;
			hasScannedForEncodings = 0;
			knownRegions = (
				en,
				Base,
			);
			mainGroup = 5F13A8931C835674004B4B23;
			productRefGroup = 5F13A89D1C835674004B4B23 /* Products */;
			projectDirPath = "";
			projectRoot = "";
			targets = (
				5F13A89B1C835674004B4B23 /* 泽乾新浪微博 */,
				5F13A8AF1C835674004B4B23 /* 泽乾新浪微博Tests */,
				5F13A8BA1C835674004B4B23 /* 泽乾新浪微博UITests */,
			);
		};
/* End PBXProject section */

/* Begin PBXResourcesBuildPhase section */
		5F13A89A1C835674004B4B23 /* Resources */ = {
			isa = PBXResourcesBuildPhase;
			buildActionMask = 2147483647;
			files = (
				5F13A8A71C835674004B4B23 /* Assets.xcassets in Resources */,
			);
			runOnlyForDeploymentPostprocessing = 0;
		};
		5F13A8AE1C835674004B4B23 /* Resources */ = {
			isa = PBXResourcesBuildPhase;
			buildActionMask = 2147483647;
			files = (
			);
			runOnlyForDeploymentPostprocessing = 0;
		};
		5F13A8B91C835674004B4B23 /* Resources */ = {
			isa = PBXResourcesBuildPhase;
			buildActionMask = 2147483647;
			files = (
			);
			runOnlyForDeploymentPostprocessing = 0;
		};
/* End PBXResourcesBuildPhase section */

/* Begin PBXSourcesBuildPhase section */
		5F13A8981C835674004B4B23 /* Sources */ = {
			isa = PBXSourcesBuildPhase;
			buildActionMask = 2147483647;
			files = (
				5F13A8A01C835674004B4B23 /* AppDelegate.swift in Sources */,
			);
			runOnlyForDeploymentPostprocessing = 0;
		};
		5F13A8AC1C835674004B4B23 /* Sources */ = {
			isa = PBXSourcesBuildPhase;
			buildActionMask = 2147483647;
			files = (
				5F13A8B51C835674004B4B23 /* ______Tests.swift in Sources */,
			);
			runOnlyForDeploymentPostprocessing = 0;
		};
		5F13A8B71C835674004B4B23 /* Sources */ = {
			isa = PBXSourcesBuildPhase;
			buildActionMask = 2147483647;
			files = (
				5F13A8C01C835674004B4B23 /* ______UITests.swift in Sources */,
			);
			runOnlyForDeploymentPostprocessing = 0;
		};
/* End PBXSourcesBuildPhase section */

/* Begin PBXTargetDependency section */
		5F13A8B21C835674004B4B23 /* PBXTargetDependency */ = {
			isa = PBXTargetDependency;
			target = 5F13A89B1C835674004B4B23 /* 泽乾新浪微博 */;
			targetProxy = 5F13A8B11C835674004B4B23 /* PBXContainerItemProxy */;
		};
		5F13A8BD1C835674004B4B23 /* PBXTargetDependency */ = {
			isa = PBXTargetDependency;
			target = 5F13A89B1C835674004B4B23 /* 泽乾新浪微博 */;
			targetProxy = 5F13A8BC1C835674004B4B23 /* PBXContainerItemProxy */;
		};
/* End PBXTargetDependency section */

/* Begin XCBuildConfiguration section */
		5F13A8C21C835674004B4B23 /* Debug */ = {
			isa = XCBuildConfiguration;
			buildSettings = {
				ALWAYS_SEARCH_USER_PATHS = NO;
				CLANG_CXX_LANGUAGE_STANDARD = "gnu++0x";
				CLANG_CXX_LIBRARY = "libc++";
				CLANG_ENABLE_MODULES = YES;
				CLANG_ENABLE_OBJC_ARC = YES;
				CLANG_WARN_BOOL_CONVERSION = YES;
				CLANG_WARN_CONSTANT_CONVERSION = YES;
				CLANG_WARN_DIRECT_OBJC_ISA_USAGE = YES_ERROR;
				CLANG_WARN_EMPTY_BODY = YES;
				CLANG_WARN_ENUM_CONVERSION = YES;
				CLANG_WARN_INT_CONVERSION = YES;
				CLANG_WARN_OBJC_ROOT_CLASS = YES_ERROR;
				CLANG_WARN_UNREACHABLE_CODE = YES;
				CLANG_WARN__DUPLICATE_METHOD_MATCH = YES;
				"CODE_SIGN_IDENTITY[sdk=iphoneos*]" = "iPhone Developer";
				COPY_PHASE_STRIP = NO;
				DEBUG_INFORMATION_FORMAT = dwarf;
				ENABLE_STRICT_OBJC_MSGSEND = YES;
				ENABLE_TESTABILITY = YES;
				GCC_C_LANGUAGE_STANDARD = gnu99;
				GCC_DYNAMIC_NO_PIC = NO;
				GCC_NO_COMMON_BLOCKS = YES;
				GCC_OPTIMIZATION_LEVEL = 0;
				GCC_PREPROCESSOR_DEFINITIONS = (
					"DEBUG=1",
					"$(inherited)",
				);
				GCC_WARN_64_TO_32_BIT_CONVERSION = YES;
				GCC_WARN_ABOUT_RETURN_TYPE = YES_ERROR;
				GCC_WARN_UNDECLARED_SELECTOR = YES;
				GCC_WARN_UNINITIALIZED_AUTOS = YES_AGGRESSIVE;
				GCC_WARN_UNUSED_FUNCTION = YES;
				GCC_WARN_UNUSED_VARIABLE = YES;
				IPHONEOS_DEPLOYMENT_TARGET = 9.2;
				MTL_ENABLE_DEBUG_INFO = YES;
				ONLY_ACTIVE_ARCH = YES;
				SDKROOT = iphoneos;
				SWIFT_OPTIMIZATION_LEVEL = "-Onone";
			};
			name = Debug;
		};
		5F13A8C31C835674004B4B23 /* Release */ = {
			isa = XCBuildConfiguration;
			buildSettings = {
				ALWAYS_SEARCH_USER_PATHS = NO;
				CLANG_CXX_LANGUAGE_STANDARD = "gnu++0x";
				CLANG_CXX_LIBRARY = "libc++";
				CLANG_ENABLE_MODULES = YES;
				CLANG_ENABLE_OBJC_ARC = YES;
				CLANG_WARN_BOOL_CONVERSION = YES;
				CLANG_WARN_CONSTANT_CONVERSION = YES;
				CLANG_WARN_DIRECT_OBJC_ISA_USAGE = YES_ERROR;
				CLANG_WARN_EMPTY_BODY = YES;
				CLANG_WARN_ENUM_CONVERSION = YES;
				CLANG_WARN_INT_CONVERSION = YES;
				CLANG_WARN_OBJC_ROOT_CLASS = YES_ERROR;
				CLANG_WARN_UNREACHABLE_CODE = YES;
				CLANG_WARN__DUPLICATE_METHOD_MATCH = YES;
				"CODE_SIGN_IDENTITY[sdk=iphoneos*]" = "iPhone Developer";
				COPY_PHASE_STRIP = NO;
				DEBUG_INFORMATION_FORMAT = "dwarf-with-dsym";
				ENABLE_NS_ASSERTIONS = NO;
				ENABLE_STRICT_OBJC_MSGSEND = YES;
				GCC_C_LANGUAGE_STANDARD = gnu99;
				GCC_NO_COMMON_BLOCKS = YES;
				GCC_WARN_64_TO_32_BIT_CONVERSION = YES;
				GCC_WARN_ABOUT_RETURN_TYPE = YES_ERROR;
				GCC_WARN_UNDECLARED_SELECTOR = YES;
				GCC_WARN_UNINITIALIZED_AUTOS = YES_AGGRESSIVE;
				GCC_WARN_UNUSED_FUNCTION = YES;
				GCC_WARN_UNUSED_VARIABLE = YES;
				IPHONEOS_DEPLOYMENT_TARGET = 9.2;
				MTL_ENABLE_DEBUG_INFO = NO;
				SDKROOT = iphoneos;
				VALIDATE_PRODUCT = YES;
			};
			name = Release;
		};
		5F13A8C51C835674004B4B23 /* Debug */ = {
			isa = XCBuildConfiguration;
			buildSettings = {
				ASSETCATALOG_COMPILER_APPICON_NAME = AppIcon;
				INFOPLIST_FILE = "泽乾新浪微博/Info.plist";
				LD_RUNPATH_SEARCH_PATHS = "$(inherited) @executable_path/Frameworks";
				PRODUCT_BUNDLE_IDENTIFIER = "zq.------";
				PRODUCT_NAME = "$(TARGET_NAME)";
			};
			name = Debug;
		};
		5F13A8C61C835674004B4B23 /* Release */ = {
			isa = XCBuildConfiguration;
			buildSettings = {
				ASSETCATALOG_COMPILER_APPICON_NAME = AppIcon;
				INFOPLIST_FILE = "泽乾新浪微博/Info.plist";
				LD_RUNPATH_SEARCH_PATHS = "$(inherited) @executable_path/Frameworks";
				PRODUCT_BUNDLE_IDENTIFIER = "zq.------";
				PRODUCT_NAME = "$(TARGET_NAME)";
			};
			name = Release;
		};
		5F13A8C81C835674004B4B23 /* Debug */ = {
			isa = XCBuildConfiguration;
			buildSettings = {
				BUNDLE_LOADER = "$(TEST_HOST)";
				INFOPLIST_FILE = "泽乾新浪微博Tests/Info.plist";
				LD_RUNPATH_SEARCH_PATHS = "$(inherited) @executable_path/Frameworks @loader_path/Frameworks";
				PRODUCT_BUNDLE_IDENTIFIER = "zq.------Tests";
				PRODUCT_NAME = "$(TARGET_NAME)";
				TEST_HOST = "$(BUILT_PRODUCTS_DIR)/泽乾新浪微博.app/泽乾新浪微博";
			};
			name = Debug;
		};
		5F13A8C91C835674004B4B23 /* Release */ = {
			isa = XCBuildConfiguration;
			buildSettings = {
				BUNDLE_LOADER = "$(TEST_HOST)";
				INFOPLIST_FILE = "泽乾新浪微博Tests/Info.plist";
				LD_RUNPATH_SEARCH_PATHS = "$(inherited) @executable_path/Frameworks @loader_path/Frameworks";
				PRODUCT_BUNDLE_IDENTIFIER = "zq.------Tests";
				PRODUCT_NAME = "$(TARGET_NAME)";
				TEST_HOST = "$(BUILT_PRODUCTS_DIR)/泽乾新浪微博.app/泽乾新浪微博";
			};
			name = Release;
		};
		5F13A8CB1C835674004B4B23 /* Debug */ = {
			isa = XCBuildConfiguration;
			buildSettings = {
				INFOPLIST_FILE = "泽乾新浪微博UITests/Info.plist";
				LD_RUNPATH_SEARCH_PATHS = "$(inherited) @executable_path/Frameworks @loader_path/Frameworks";
				PRODUCT_BUNDLE_IDENTIFIER = "zq.------UITests";
				PRODUCT_NAME = "$(TARGET_NAME)";
				TEST_TARGET_NAME = "泽乾新浪微博";
				USES_XCTRUNNER = YES;
			};
			name = Debug;
		};
		5F13A8CC1C835674004B4B23 /* Release */ = {
			isa = XCBuildConfiguration;
			buildSettings = {
				INFOPLIST_FILE = "泽乾新浪微博UITests/Info.plist";
				LD_RUNPATH_SEARCH_PATHS = "$(inherited) @executable_path/Frameworks @loader_path/Frameworks";
				PRODUCT_BUNDLE_IDENTIFIER = "zq.------UITests";
				PRODUCT_NAME = "$(TARGET_NAME)";
				TEST_TARGET_NAME = "泽乾新浪微博";
				USES_XCTRUNNER = YES;
			};
			name = Release;
		};
/* End XCBuildConfiguration section */

/* Begin XCConfigurationList section */
		5F13A8971C835674004B4B23 /* Build configuration list for PBXProject "泽乾新浪微博" */ = {
			isa = XCConfigurationList;
			buildConfigurations = (
				5F13A8C21C835674004B4B23 /* Debug */,
				5F13A8C31C835674004B4B23 /* Release */,
			);
			defaultConfigurationIsVisible = 0;
			defaultConfigurationName = Release;
		};
		5F13A8C41C835674004B4B23 /* Build configuration list for PBXNativeTarget "泽乾新浪微博" */ = {
			isa = XCConfigurationList;
			buildConfigurations = (
				5F13A8C51C835674004B4B23 /* Debug */,
				5F13A8C61C835674004B4B23 /* Release */,
			);
			defaultConfigurationIsVisible = 0;
		};
		5F13A8C71C835674004B4B23 /* Build configuration list for PBXNativeTarget "泽乾新浪微博Tests" */ = {
			isa = XCConfigurationList;
			buildConfigurations = (
				5F13A8C81C835674004B4B23 /* Debug */,
				5F13A8C91C835674004B4B23 /* Release */,
			);
			defaultConfigurationIsVisible = 0;
		};
		5F13A8CA1C835674004B4B23 /* Build configuration list for PBXNativeTarget "泽乾新浪微博UITests" */ = {
			isa = XCConfigurationList;
			buildConfigurations = (
				5F13A8CB1C835674004B4B23 /* Debug */,
				5F13A8CC1C835674004B4B23 /* Release */,
			);
			defaultConfigurationIsVisible = 0;
		};
/* End XCConfigurationList section */
	};
	rootObject = 5F13A8941C835674004B4B23 /* Project object */;
}
